
Microsoft Visual Studio Solution File, Format Version 12.00
# Visual Studio Version 17
VisualStudioVersion = 17.10.35013.160
MinimumVisualStudioVersion = 10.0.40219.1
Project("{FAE04EC0-301F-11D3-BF4B-00C04F79EFBC}") = "election website", "election website\election website.csproj", "{CC026B06-6C5F-46A2-8033-26E75936A92B}"
EndProject
Global
	GlobalSection(SolutionConfigurationPlatforms) = preSolution
		Debug|Any CPU = Debug|Any CPU
		Release|Any CPU = Release|Any CPU
	EndGlobalSection
	GlobalSection(ProjectConfigurationPlatforms) = postSolution
		{CC026B06-6C5F-46A2-8033-26E75936A92B}.Debug|Any CPU.ActiveCfg = Debug|Any CPU
		{CC026B06-6C5F-46A2-8033-26E75936A92B}.Debug|Any CPU.Build.0 = Debug|Any CPU
		{CC026B06-6C5F-46A2-8033-26E75936A92B}.Release|Any CPU.ActiveCfg = Release|Any CPU
		{CC026B06-6C5F-46A2-8033-26E75936A92B}.Release|Any CPU.Build.0 = Release|Any CPU
	EndGlobalSection
	GlobalSection(SolutionProperties) = preSolution
		HideSolutionNode = FALSE
	EndGlobalSection
	GlobalSection(ExtensibilityGlobals) = postSolution
		SolutionGuid = {DA198FD6-D0B8-4BFF-9931-85391114A6E5}
	EndGlobalSection
EndGlobal
